
Microsoft Visual Studio Solution File, Format Version 12.00
# Visual Studio 15
VisualStudioVersion = 15.0.28307.168
MinimumVisualStudioVersion = 10.0.40219.1
Project("{FAE04EC0-301F-11D3-BF4B-00C04F79EFBC}") = "DependencyInjectionSimpleExample", "DependencyInjectionSimpleExample\DependencyInjectionSimpleExample.csproj", "{161795B0-888B-49C6-AD6D-A106585284B5}"
EndProject
Global
	GlobalSection(SolutionConfigurationPlatforms) = preSolution
		Debug|Any CPU = Debug|Any CPU
		Release|Any CPU = Release|Any CPU
	EndGlobalSection
	GlobalSection(ProjectConfigurationPlatforms) = postSolution
		{161795B0-888B-49C6-AD6D-A106585284B5}.Debug|Any CPU.ActiveCfg = Debug|Any CPU
		{161795B0-888B-49C6-AD6D-A106585284B5}.Debug|Any CPU.Build.0 = Debug|Any CPU
		{161795B0-888B-49C6-AD6D-A106585284B5}.Release|Any CPU.ActiveCfg = Release|Any CPU
		{161795B0-888B-49C6-AD6D-A106585284B5}.Release|Any CPU.Build.0 = Release|Any CPU
	EndGlobalSection
	GlobalSection(SolutionProperties) = preSolution
		HideSolutionNode = FALSE
	EndGlobalSection
	GlobalSection(ExtensibilityGlobals) = postSolution
		SolutionGuid = {E548BBD1-9BF7-4445-9875-14D200F93365}
	EndGlobalSection
EndGlobal
